
Microsoft Visual Studio Solution File, Format Version 12.00
# Visual Studio Version 17
VisualStudioVersion = 17.0.31611.283
MinimumVisualStudioVersion = 10.0.40219.1
Project("{9A19103F-16F7-4668-BE54-9A1E7A4F7556}") = "FantasyMAST", "FantasyMAST\FantasyMAST.csproj", "{6A4599B8-42CF-4F8C-8492-4A4F6257B945}"
EndProject
Project("{9A19103F-16F7-4668-BE54-9A1E7A4F7556}") = "TransformInterface", "TransformInterface\TransformInterface.csproj", "{FE5327AC-2F95-4D51-8A05-2D20896BF1CB}"
EndProject
Project("{9A19103F-16F7-4668-BE54-9A1E7A4F7556}") = "LocalNetTransformImpl", "LocalNetTransformImpl\LocalNetTransformImpl.csproj", "{66749100-486A-4843-8435-3F96130ACA8B}"
EndProject
Project("{9A19103F-16F7-4668-BE54-9A1E7A4F7556}") = "MastTest", "MastTest\MastTest.csproj", "{168BCB3E-E760-4B81-A7E9-94653F235311}"
EndProject
Project("{9A19103F-16F7-4668-BE54-9A1E7A4F7556}") = "MastConsoleTest", "MastConsoleTest\MastConsoleTest.csproj", "{1363F28C-8C78-45E4-8A79-F7D45E6A9BDB}"
EndProject
Project("{9A19103F-16F7-4668-BE54-9A1E7A4F7556}") = "MASTConfigInterface", "MASTConfigInterface\MASTConfigInterface.csproj", "{6D754ECD-A89A-4A19-BA07-649375421383}"
EndProject
Project("{9A19103F-16F7-4668-BE54-9A1E7A4F7556}") = "FantasyMAST.JsonConfig", "JsonMASTConfig\FantasyMAST.JsonConfig.csproj", "{8DC9E7B0-3474-47E2-B506-030149726CF3}"
EndProject
Project("{9A19103F-16F7-4668-BE54-9A1E7A4F7556}") = "TerminalClient", "TerminalClient\TerminalClient.csproj", "{A48AB92C-2B28-41DE-8969-D76FF4864D7A}"
EndProject
Project("{9A19103F-16F7-4668-BE54-9A1E7A4F7556}") = "FantasyResultModel", "FantasyResultModel\FantasyResultModel.csproj", "{BB07727A-930F-433B-9E04-4903DE771231}"
EndProject
Project("{9A19103F-16F7-4668-BE54-9A1E7A4F7556}") = "FantasyMAST.Application", "FantasyMASTApplication\FantasyMAST.Application.csproj", "{0F7513E3-9D73-4E12-AC11-C21BB30B5A01}"
EndProject
Project("{2150E333-8FDC-42A3-9474-1A3956D46DE8}") = "Interfaces", "Interfaces", "{67B5B1FA-3E57-4991-97D1-85A558AEDE61}"
EndProject
Project("{2150E333-8FDC-42A3-9474-1A3956D46DE8}") = "Impls", "Impls", "{2D594512-D3D7-4E1A-B04A-E98818627DE3}"
EndProject
Project("{2150E333-8FDC-42A3-9474-1A3956D46DE8}") = "Clients", "Clients", "{50F3DD39-FD15-43F4-BD37-A0D19F644E99}"
EndProject
Project("{2150E333-8FDC-42A3-9474-1A3956D46DE8}") = "Test", "Test", "{A1AFF5B5-FCA7-4C4E-B839-1583F15F9A1A}"
EndProject
Project("{9A19103F-16F7-4668-BE54-9A1E7A4F7556}") = "EncryptionInterface", "EncryptionInterface\EncryptionInterface.csproj", "{7B6C86A3-00FC-4781-9871-9AC16D711CCE}"
EndProject
Project("{9A19103F-16F7-4668-BE54-9A1E7A4F7556}") = "AesEncryption", "AesEncryption\AesEncryption.csproj", "{5D1B886E-68CC-4487-8AD4-C137FE68166B}"
EndProject
Project("{FAE04EC0-301F-11D3-BF4B-00C04F79EFBC}") = "FantasyMAST.Builder", "FantasyMAST.Builder\FantasyMAST.Builder.csproj", "{536E2D36-5E47-4FCD-8289-8207300538E6}"
EndProject
Global
	GlobalSection(SolutionConfigurationPlatforms) = preSolution
		Debug|Any CPU = Debug|Any CPU
		Release|Any CPU = Release|Any CPU
	EndGlobalSection
	GlobalSection(ProjectConfigurationPlatforms) = postSolution
		{6A4599B8-42CF-4F8C-8492-4A4F6257B945}.Debug|Any CPU.ActiveCfg = Debug|Any CPU
		{6A4599B8-42CF-4F8C-8492-4A4F6257B945}.Debug|Any CPU.Build.0 = Debug|Any CPU
		{6A4599B8-42CF-4F8C-8492-4A4F6257B945}.Debug|Any CPU.Deploy.0 = Debug|Any CPU
		{6A4599B8-42CF-4F8C-8492-4A4F6257B945}.Release|Any CPU.ActiveCfg = Release|Any CPU
		{6A4599B8-42CF-4F8C-8492-4A4F6257B945}.Release|Any CPU.Build.0 = Release|Any CPU
		{6A4599B8-42CF-4F8C-8492-4A4F6257B945}.Release|Any CPU.Deploy.0 = Release|Any CPU
		{FE5327AC-2F95-4D51-8A05-2D20896BF1CB}.Debug|Any CPU.ActiveCfg = Debug|Any CPU
		{FE5327AC-2F95-4D51-8A05-2D20896BF1CB}.Debug|Any CPU.Build.0 = Debug|Any CPU
		{FE5327AC-2F95-4D51-8A05-2D20896BF1CB}.Release|Any CPU.ActiveCfg = Release|Any CPU
		{FE5327AC-2F95-4D51-8A05-2D20896BF1CB}.Release|Any CPU.Build.0 = Release|Any CPU
		{66749100-486A-4843-8435-3F96130ACA8B}.Debug|Any CPU.ActiveCfg = Debug|Any CPU
		{66749100-486A-4843-8435-3F96130ACA8B}.Debug|Any CPU.Build.0 = Debug|Any CPU
		{66749100-486A-4843-8435-3F96130ACA8B}.Release|Any CPU.ActiveCfg = Release|Any CPU
		{66749100-486A-4843-8435-3F96130ACA8B}.Release|Any CPU.Build.0 = Release|Any CPU
		{168BCB3E-E760-4B81-A7E9-94653F235311}.Debug|Any CPU.ActiveCfg = Debug|Any CPU
		{168BCB3E-E760-4B81-A7E9-94653F235311}.Debug|Any CPU.Build.0 = Debug|Any CPU
		{168BCB3E-E760-4B81-A7E9-94653F235311}.Release|Any CPU.ActiveCfg = Release|Any CPU
		{168BCB3E-E760-4B81-A7E9-94653F235311}.Release|Any CPU.Build.0 = Release|Any CPU
		{1363F28C-8C78-45E4-8A79-F7D45E6A9BDB}.Debug|Any CPU.ActiveCfg = Debug|Any CPU
		{1363F28C-8C78-45E4-8A79-F7D45E6A9BDB}.Debug|Any CPU.Build.0 = Debug|Any CPU
		{1363F28C-8C78-45E4-8A79-F7D45E6A9BDB}.Release|Any CPU.ActiveCfg = Release|Any CPU
		{1363F28C-8C78-45E4-8A79-F7D45E6A9BDB}.Release|Any CPU.Build.0 = Release|Any CPU
		{6D754ECD-A89A-4A19-BA07-649375421383}.Debug|Any CPU.ActiveCfg = Debug|Any CPU
		{6D754ECD-A89A-4A19-BA07-649375421383}.Debug|Any CPU.Build.0 = Debug|Any CPU
		{6D754ECD-A89A-4A19-BA07-649375421383}.Release|Any CPU.ActiveCfg = Release|Any CPU
		{6D754ECD-A89A-4A19-BA07-649375421383}.Release|Any CPU.Build.0 = Release|Any CPU
		{8DC9E7B0-3474-47E2-B506-030149726CF3}.Debug|Any CPU.ActiveCfg = Debug|Any CPU
		{8DC9E7B0-3474-47E2-B506-030149726CF3}.Debug|Any CPU.Build.0 = Debug|Any CPU
		{8DC9E7B0-3474-47E2-B506-030149726CF3}.Release|Any CPU.ActiveCfg = Release|Any CPU
		{8DC9E7B0-3474-47E2-B506-030149726CF3}.Release|Any CPU.Build.0 = Release|Any CPU
		{A48AB92C-2B28-41DE-8969-D76FF4864D7A}.Debug|Any CPU.ActiveCfg = Debug|Any CPU
		{A48AB92C-2B28-41DE-8969-D76FF4864D7A}.Debug|Any CPU.Build.0 = Debug|Any CPU
		{A48AB92C-2B28-41DE-8969-D76FF4864D7A}.Release|Any CPU.ActiveCfg = Release|Any CPU
		{A48AB92C-2B28-41DE-8969-D76FF4864D7A}.Release|Any CPU.Build.0 = Release|Any CPU
		{BB07727A-930F-433B-9E04-4903DE771231}.Debug|Any CPU.ActiveCfg = Debug|Any CPU
		{BB07727A-930F-433B-9E04-4903DE771231}.Debug|Any CPU.Build.0 = Debug|Any CPU
		{BB07727A-930F-433B-9E04-4903DE771231}.Release|Any CPU.ActiveCfg = Release|Any CPU
		{BB07727A-930F-433B-9E04-4903DE771231}.Release|Any CPU.Build.0 = Release|Any CPU
		{0F7513E3-9D73-4E12-AC11-C21BB30B5A01}.Debug|Any CPU.ActiveCfg = Debug|Any CPU
		{0F7513E3-9D73-4E12-AC11-C21BB30B5A01}.Debug|Any CPU.Build.0 = Debug|Any CPU
		{0F7513E3-9D73-4E12-AC11-C21BB30B5A01}.Release|Any CPU.ActiveCfg = Release|Any CPU
		{0F7513E3-9D73-4E12-AC11-C21BB30B5A01}.Release|Any CPU.Build.0 = Release|Any CPU
		{7B6C86A3-00FC-4781-9871-9AC16D711CCE}.Debug|Any CPU.ActiveCfg = Debug|Any CPU
		{7B6C86A3-00FC-4781-9871-9AC16D711CCE}.Debug|Any CPU.Build.0 = Debug|Any CPU
		{7B6C86A3-00FC-4781-9871-9AC16D711CCE}.Release|Any CPU.ActiveCfg = Release|Any CPU
		{7B6C86A3-00FC-4781-9871-9AC16D711CCE}.Release|Any CPU.Build.0 = Release|Any CPU
		{5D1B886E-68CC-4487-8AD4-C137FE68166B}.Debug|Any CPU.ActiveCfg = Debug|Any CPU
		{5D1B886E-68CC-4487-8AD4-C137FE68166B}.Debug|Any CPU.Build.0 = Debug|Any CPU
		{5D1B886E-68CC-4487-8AD4-C137FE68166B}.Release|Any CPU.ActiveCfg = Release|Any CPU
		{5D1B886E-68CC-4487-8AD4-C137FE68166B}.Release|Any CPU.Build.0 = Release|Any CPU
		{536E2D36-5E47-4FCD-8289-8207300538E6}.Debug|Any CPU.ActiveCfg = Debug|Any CPU
		{536E2D36-5E47-4FCD-8289-8207300538E6}.Debug|Any CPU.Build.0 = Debug|Any CPU
		{536E2D36-5E47-4FCD-8289-8207300538E6}.Release|Any CPU.ActiveCfg = Release|Any CPU
		{536E2D36-5E47-4FCD-8289-8207300538E6}.Release|Any CPU.Build.0 = Release|Any CPU
	EndGlobalSection
	GlobalSection(SolutionProperties) = preSolution
		HideSolutionNode = FALSE
	EndGlobalSection
	GlobalSection(NestedProjects) = preSolution
		{6A4599B8-42CF-4F8C-8492-4A4F6257B945} = {50F3DD39-FD15-43F4-BD37-A0D19F644E99}
		{FE5327AC-2F95-4D51-8A05-2D20896BF1CB} = {67B5B1FA-3E57-4991-97D1-85A558AEDE61}
		{66749100-486A-4843-8435-3F96130ACA8B} = {2D594512-D3D7-4E1A-B04A-E98818627DE3}
		{168BCB3E-E760-4B81-A7E9-94653F235311} = {A1AFF5B5-FCA7-4C4E-B839-1583F15F9A1A}
		{1363F28C-8C78-45E4-8A79-F7D45E6A9BDB} = {A1AFF5B5-FCA7-4C4E-B839-1583F15F9A1A}
		{6D754ECD-A89A-4A19-BA07-649375421383} = {67B5B1FA-3E57-4991-97D1-85A558AEDE61}
		{A48AB92C-2B28-41DE-8969-D76FF4864D7A} = {50F3DD39-FD15-43F4-BD37-A0D19F644E99}
		{2D594512-D3D7-4E1A-B04A-E98818627DE3} = {67B5B1FA-3E57-4991-97D1-85A558AEDE61}
		{7B6C86A3-00FC-4781-9871-9AC16D711CCE} = {67B5B1FA-3E57-4991-97D1-85A558AEDE61}
		{5D1B886E-68CC-4487-8AD4-C137FE68166B} = {2D594512-D3D7-4E1A-B04A-E98818627DE3}
	EndGlobalSection
	GlobalSection(ExtensibilityGlobals) = postSolution
		SolutionGuid = {61F7FB11-1E47-470C-91E2-47F8143E1572}
	EndGlobalSection
EndGlobal
